
Microsoft Visual Studio Solution File, Format Version 12.00
# Visual Studio Version 16
VisualStudioVersion = 16.0.30225.117
MinimumVisualStudioVersion = 10.0.40219.1
Project("{2150E333-8FDC-42A3-9474-1A3956D46DE8}") = "Services", "Services", "{DA1C2AEF-314A-44E7-95C1-6D93A8B3A893}"
EndProject
Project("{2150E333-8FDC-42A3-9474-1A3956D46DE8}") = "Catalog", "Catalog", "{5FFC2085-C28B-47AB-A4F3-C6FBF7222042}"
EndProject
Project("{9A19103F-16F7-4668-BE54-9A1E7A4F7556}") = "Catalog.API", "Services\Catalog\Catalog.API\Catalog.API.csproj", "{7CB4E70B-8128-453D-8130-4564556A42AA}"
EndProject
Project("{E53339B2-1760-4266-BCC7-CA923CBCF16C}") = "docker-compose", "docker-compose.dcproj", "{23CABF00-8DF8-40A3-8B6D-338818CC0ABF}"
EndProject
Project("{2150E333-8FDC-42A3-9474-1A3956D46DE8}") = "Basket", "Basket", "{D3CCC8F3-AF2D-4D0D-9658-917B84678397}"
EndProject
Project("{9A19103F-16F7-4668-BE54-9A1E7A4F7556}") = "Basket.API", "Services\Basket\Basket.API\Basket.API.csproj", "{0B8FB9B0-19B6-4507-A262-0D9E4B513FC0}"
EndProject
Project("{2150E333-8FDC-42A3-9474-1A3956D46DE8}") = "Discount", "Discount", "{0A36CD3A-08B8-437B-8086-0F7D67AB1E8B}"
EndProject
Project("{9A19103F-16F7-4668-BE54-9A1E7A4F7556}") = "Discount.API", "Services\Discount\Discount.API\Discount.API.csproj", "{FFC0800F-291E-42F3-8FD5-4794B940BB5C}"
EndProject
Project("{9A19103F-16F7-4668-BE54-9A1E7A4F7556}") = "Discount.Grpc", "Services\Discount\Discount.Grpc\Discount.Grpc.csproj", "{324D2738-F8EA-41AA-B69F-9A15A622F885}"
EndProject
Project("{2150E333-8FDC-42A3-9474-1A3956D46DE8}") = "Ordering", "Ordering", "{ECA7D3FE-9426-4095-84FF-5352E83D2A7E}"
EndProject
Project("{9A19103F-16F7-4668-BE54-9A1E7A4F7556}") = "Ordering.API", "Services\Ordering\Ordering.API\Ordering.API.csproj", "{2B8779BE-DA7F-4794-9967-53E2DD8C8085}"
EndProject
Project("{9A19103F-16F7-4668-BE54-9A1E7A4F7556}") = "Ordering.Domain", "Services\Ordering\Ordering.Domain\Ordering.Domain.csproj", "{88AEE5E8-552D-4D2F-BA46-4E981424D037}"
EndProject
Project("{9A19103F-16F7-4668-BE54-9A1E7A4F7556}") = "Ordering.Application", "Services\Ordering\Ordering.Application\Ordering.Application.csproj", "{9DD09A84-ED6B-491D-81E2-945CFBF0530B}"
EndProject
Project("{9A19103F-16F7-4668-BE54-9A1E7A4F7556}") = "Ordering.Infrastructure", "Services\Ordering\Ordering.Infrastructure\Ordering.Infrastructure.csproj", "{841E91C5-80F4-4DBF-88E0-9E531886DB36}"
EndProject
Project("{2150E333-8FDC-42A3-9474-1A3956D46DE8}") = "BuildingBlocks", "BuildingBlocks", "{93E013D7-1424-4ADD-8778-8FDD68789774}"
EndProject
Project("{9A19103F-16F7-4668-BE54-9A1E7A4F7556}") = "EventBus.Messages", "BuildingBlocks\EventBus.Messages\EventBus.Messages.csproj", "{23A94E4B-C9C5-4229-8955-5B996C2E38AB}"
EndProject
Project("{2150E333-8FDC-42A3-9474-1A3956D46DE8}") = "ApiGateways", "ApiGateways", "{4D463C22-0543-4E5C-A9B1-0D5C705C14DA}"
EndProject
Project("{FAE04EC0-301F-11D3-BF4B-00C04F79EFBC}") = "OcelotApiGw", "ApiGateways\OcelotApiGw\OcelotApiGw.csproj", "{55EA4BE7-66C9-498A-843B-D30A80B184B8}"
EndProject
Global
	GlobalSection(SolutionConfigurationPlatforms) = preSolution
		Debug|Any CPU = Debug|Any CPU
		Release|Any CPU = Release|Any CPU
	EndGlobalSection
	GlobalSection(ProjectConfigurationPlatforms) = postSolution
		{7CB4E70B-8128-453D-8130-4564556A42AA}.Debug|Any CPU.ActiveCfg = Debug|Any CPU
		{7CB4E70B-8128-453D-8130-4564556A42AA}.Debug|Any CPU.Build.0 = Debug|Any CPU
		{7CB4E70B-8128-453D-8130-4564556A42AA}.Release|Any CPU.ActiveCfg = Release|Any CPU
		{7CB4E70B-8128-453D-8130-4564556A42AA}.Release|Any CPU.Build.0 = Release|Any CPU
		{23CABF00-8DF8-40A3-8B6D-338818CC0ABF}.Debug|Any CPU.ActiveCfg = Debug|Any CPU
		{23CABF00-8DF8-40A3-8B6D-338818CC0ABF}.Debug|Any CPU.Build.0 = Debug|Any CPU
		{23CABF00-8DF8-40A3-8B6D-338818CC0ABF}.Release|Any CPU.ActiveCfg = Release|Any CPU
		{23CABF00-8DF8-40A3-8B6D-338818CC0ABF}.Release|Any CPU.Build.0 = Release|Any CPU
		{0B8FB9B0-19B6-4507-A262-0D9E4B513FC0}.Debug|Any CPU.ActiveCfg = Debug|Any CPU
		{0B8FB9B0-19B6-4507-A262-0D9E4B513FC0}.Debug|Any CPU.Build.0 = Debug|Any CPU
		{0B8FB9B0-19B6-4507-A262-0D9E4B513FC0}.Release|Any CPU.ActiveCfg = Release|Any CPU
		{0B8FB9B0-19B6-4507-A262-0D9E4B513FC0}.Release|Any CPU.Build.0 = Release|Any CPU
		{FFC0800F-291E-42F3-8FD5-4794B940BB5C}.Debug|Any CPU.ActiveCfg = Debug|Any CPU
		{FFC0800F-291E-42F3-8FD5-4794B940BB5C}.Debug|Any CPU.Build.0 = Debug|Any CPU
		{FFC0800F-291E-42F3-8FD5-4794B940BB5C}.Release|Any CPU.ActiveCfg = Release|Any CPU
		{FFC0800F-291E-42F3-8FD5-4794B940BB5C}.Release|Any CPU.Build.0 = Release|Any CPU
		{324D2738-F8EA-41AA-B69F-9A15A622F885}.Debug|Any CPU.ActiveCfg = Debug|Any CPU
		{324D2738-F8EA-41AA-B69F-9A15A622F885}.Debug|Any CPU.Build.0 = Debug|Any CPU
		{324D2738-F8EA-41AA-B69F-9A15A622F885}.Release|Any CPU.ActiveCfg = Release|Any CPU
		{324D2738-F8EA-41AA-B69F-9A15A622F885}.Release|Any CPU.Build.0 = Release|Any CPU
		{2B8779BE-DA7F-4794-9967-53E2DD8C8085}.Debug|Any CPU.ActiveCfg = Debug|Any CPU
		{2B8779BE-DA7F-4794-9967-53E2DD8C8085}.Debug|Any CPU.Build.0 = Debug|Any CPU
		{2B8779BE-DA7F-4794-9967-53E2DD8C8085}.Release|Any CPU.ActiveCfg = Release|Any CPU
		{2B8779BE-DA7F-4794-9967-53E2DD8C8085}.Release|Any CPU.Build.0 = Release|Any CPU
		{88AEE5E8-552D-4D2F-BA46-4E981424D037}.Debug|Any CPU.ActiveCfg = Debug|Any CPU
		{88AEE5E8-552D-4D2F-BA46-4E981424D037}.Debug|Any CPU.Build.0 = Debug|Any CPU
		{88AEE5E8-552D-4D2F-BA46-4E981424D037}.Release|Any CPU.ActiveCfg = Release|Any CPU
		{88AEE5E8-552D-4D2F-BA46-4E981424D037}.Release|Any CPU.Build.0 = Release|Any CPU
		{9DD09A84-ED6B-491D-81E2-945CFBF0530B}.Debug|Any CPU.ActiveCfg = Debug|Any CPU
		{9DD09A84-ED6B-491D-81E2-945CFBF0530B}.Debug|Any CPU.Build.0 = Debug|Any CPU
		{9DD09A84-ED6B-491D-81E2-945CFBF0530B}.Release|Any CPU.ActiveCfg = Release|Any CPU
		{9DD09A84-ED6B-491D-81E2-945CFBF0530B}.Release|Any CPU.Build.0 = Release|Any CPU
		{841E91C5-80F4-4DBF-88E0-9E531886DB36}.Debug|Any CPU.ActiveCfg = Debug|Any CPU
		{841E91C5-80F4-4DBF-88E0-9E531886DB36}.Debug|Any CPU.Build.0 = Debug|Any CPU
		{841E91C5-80F4-4DBF-88E0-9E531886DB36}.Release|Any CPU.ActiveCfg = Release|Any CPU
		{841E91C5-80F4-4DBF-88E0-9E531886DB36}.Release|Any CPU.Build.0 = Release|Any CPU
		{23A94E4B-C9C5-4229-8955-5B996C2E38AB}.Debug|Any CPU.ActiveCfg = Debug|Any CPU
		{23A94E4B-C9C5-4229-8955-5B996C2E38AB}.Debug|Any CPU.Build.0 = Debug|Any CPU
		{23A94E4B-C9C5-4229-8955-5B996C2E38AB}.Release|Any CPU.ActiveCfg = Release|Any CPU
		{23A94E4B-C9C5-4229-8955-5B996C2E38AB}.Release|Any CPU.Build.0 = Release|Any CPU
		{55EA4BE7-66C9-498A-843B-D30A80B184B8}.Debug|Any CPU.ActiveCfg = Debug|Any CPU
		{55EA4BE7-66C9-498A-843B-D30A80B184B8}.Debug|Any CPU.Build.0 = Debug|Any CPU
		{55EA4BE7-66C9-498A-843B-D30A80B184B8}.Release|Any CPU.ActiveCfg = Release|Any CPU
		{55EA4BE7-66C9-498A-843B-D30A80B184B8}.Release|Any CPU.Build.0 = Release|Any CPU
	EndGlobalSection
	GlobalSection(SolutionProperties) = preSolution
		HideSolutionNode = FALSE
	EndGlobalSection
	GlobalSection(NestedProjects) = preSolution
		{5FFC2085-C28B-47AB-A4F3-C6FBF7222042} = {DA1C2AEF-314A-44E7-95C1-6D93A8B3A893}
		{7CB4E70B-8128-453D-8130-4564556A42AA} = {5FFC2085-C28B-47AB-A4F3-C6FBF7222042}
		{D3CCC8F3-AF2D-4D0D-9658-917B84678397} = {DA1C2AEF-314A-44E7-95C1-6D93A8B3A893}
		{0B8FB9B0-19B6-4507-A262-0D9E4B513FC0} = {D3CCC8F3-AF2D-4D0D-9658-917B84678397}
		{0A36CD3A-08B8-437B-8086-0F7D67AB1E8B} = {DA1C2AEF-314A-44E7-95C1-6D93A8B3A893}
		{FFC0800F-291E-42F3-8FD5-4794B940BB5C} = {0A36CD3A-08B8-437B-8086-0F7D67AB1E8B}
		{324D2738-F8EA-41AA-B69F-9A15A622F885} = {0A36CD3A-08B8-437B-8086-0F7D67AB1E8B}
		{ECA7D3FE-9426-4095-84FF-5352E83D2A7E} = {DA1C2AEF-314A-44E7-95C1-6D93A8B3A893}
		{2B8779BE-DA7F-4794-9967-53E2DD8C8085} = {ECA7D3FE-9426-4095-84FF-5352E83D2A7E}
		{88AEE5E8-552D-4D2F-BA46-4E981424D037} = {ECA7D3FE-9426-4095-84FF-5352E83D2A7E}
		{9DD09A84-ED6B-491D-81E2-945CFBF0530B} = {ECA7D3FE-9426-4095-84FF-5352E83D2A7E}
		{841E91C5-80F4-4DBF-88E0-9E531886DB36} = {ECA7D3FE-9426-4095-84FF-5352E83D2A7E}
		{23A94E4B-C9C5-4229-8955-5B996C2E38AB} = {93E013D7-1424-4ADD-8778-8FDD68789774}
		{55EA4BE7-66C9-498A-843B-D30A80B184B8} = {4D463C22-0543-4E5C-A9B1-0D5C705C14DA}
	EndGlobalSection
	GlobalSection(ExtensibilityGlobals) = postSolution
		SolutionGuid = {EEBCE857-24FA-4B7D-9013-55CFD97F2A19}
	EndGlobalSection
EndGlobal
